
Microsoft Visual Studio Solution File, Format Version 12.00
# Visual Studio Version 17
VisualStudioVersion = 17.6.33723.286
MinimumVisualStudioVersion = 10.0.40219.1
Project("{FAE04EC0-301F-11D3-BF4B-00C04F79EFBC}") = "WoWFormatLib", "WoWFormatLib\WoWFormatLib.csproj", "{5DB0FB8F-0EAA-490A-AA7D-28AE010186A9}"
EndProject
Project("{9A19103F-16F7-4668-BE54-9A1E7A4F7556}") = "DBCD", "DBCD\DBCD\DBCD.csproj", "{603A84A9-3B68-45B5-8D08-2C0E151D14DD}"
EndProject
Project("{9A19103F-16F7-4668-BE54-9A1E7A4F7556}") = "DBFileReaderLib", "DBCD\DBFileReaderLib\DBFileReaderLib.csproj", "{7BFF161A-25A9-4DEA-ADB1-2EDF8BBEBAD4}"
EndProject
Project("{9A19103F-16F7-4668-BE54-9A1E7A4F7556}") = "SereniaBLPLib", "SereniaBLPLib\SereniaBLPLib\SereniaBLPLib.csproj", "{511591CF-392B-4976-8790-032C9D4C54DD}"
EndProject
Project("{9A19103F-16F7-4668-BE54-9A1E7A4F7556}") = "CascLib", "CascLib\CascLib\CascLib.csproj", "{47B0EF82-C224-48AE-BB08-97F8C051EEC0}"
EndProject
Global
	GlobalSection(SolutionConfigurationPlatforms) = preSolution
		Debug|Any CPU = Debug|Any CPU
		Debug|Mixed Platforms = Debug|Mixed Platforms
		Debug|x64 = Debug|x64
		Debug|x86 = Debug|x86
		DebugAnalysis|Any CPU = DebugAnalysis|Any CPU
		DebugAnalysis|Mixed Platforms = DebugAnalysis|Mixed Platforms
		DebugAnalysis|x64 = DebugAnalysis|x64
		DebugAnalysis|x86 = DebugAnalysis|x86
		Release|Any CPU = Release|Any CPU
		Release|Mixed Platforms = Release|Mixed Platforms
		Release|x64 = Release|x64
		Release|x86 = Release|x86
	EndGlobalSection
	GlobalSection(ProjectConfigurationPlatforms) = postSolution
		{5DB0FB8F-0EAA-490A-AA7D-28AE010186A9}.Debug|Any CPU.ActiveCfg = Debug|Any CPU
		{5DB0FB8F-0EAA-490A-AA7D-28AE010186A9}.Debug|Any CPU.Build.0 = Debug|Any CPU
		{5DB0FB8F-0EAA-490A-AA7D-28AE010186A9}.Debug|Mixed Platforms.ActiveCfg = Debug|Any CPU
		{5DB0FB8F-0EAA-490A-AA7D-28AE010186A9}.Debug|Mixed Platforms.Build.0 = Debug|Any CPU
		{5DB0FB8F-0EAA-490A-AA7D-28AE010186A9}.Debug|x64.ActiveCfg = Debug|Any CPU
		{5DB0FB8F-0EAA-490A-AA7D-28AE010186A9}.Debug|x64.Build.0 = Debug|Any CPU
		{5DB0FB8F-0EAA-490A-AA7D-28AE010186A9}.Debug|x86.ActiveCfg = Debug|Any CPU
		{5DB0FB8F-0EAA-490A-AA7D-28AE010186A9}.DebugAnalysis|Any CPU.ActiveCfg = Debug|Any CPU
		{5DB0FB8F-0EAA-490A-AA7D-28AE010186A9}.DebugAnalysis|Any CPU.Build.0 = Debug|Any CPU
		{5DB0FB8F-0EAA-490A-AA7D-28AE010186A9}.DebugAnalysis|Mixed Platforms.ActiveCfg = Debug|Any CPU
		{5DB0FB8F-0EAA-490A-AA7D-28AE010186A9}.DebugAnalysis|Mixed Platforms.Build.0 = Debug|Any CPU
		{5DB0FB8F-0EAA-490A-AA7D-28AE010186A9}.DebugAnalysis|x64.ActiveCfg = Debug|Any CPU
		{5DB0FB8F-0EAA-490A-AA7D-28AE010186A9}.DebugAnalysis|x64.Build.0 = Debug|Any CPU
		{5DB0FB8F-0EAA-490A-AA7D-28AE010186A9}.DebugAnalysis|x86.ActiveCfg = Debug|Any CPU
		{5DB0FB8F-0EAA-490A-AA7D-28AE010186A9}.DebugAnalysis|x86.Build.0 = Debug|Any CPU
		{5DB0FB8F-0EAA-490A-AA7D-28AE010186A9}.Release|Any CPU.ActiveCfg = Release|Any CPU
		{5DB0FB8F-0EAA-490A-AA7D-28AE010186A9}.Release|Any CPU.Build.0 = Release|Any CPU
		{5DB0FB8F-0EAA-490A-AA7D-28AE010186A9}.Release|Mixed Platforms.ActiveCfg = Release|Any CPU
		{5DB0FB8F-0EAA-490A-AA7D-28AE010186A9}.Release|Mixed Platforms.Build.0 = Release|Any CPU
		{5DB0FB8F-0EAA-490A-AA7D-28AE010186A9}.Release|x64.ActiveCfg = Release|Any CPU
		{5DB0FB8F-0EAA-490A-AA7D-28AE010186A9}.Release|x64.Build.0 = Release|Any CPU
		{5DB0FB8F-0EAA-490A-AA7D-28AE010186A9}.Release|x86.ActiveCfg = Release|Any CPU
		{603A84A9-3B68-45B5-8D08-2C0E151D14DD}.Debug|Any CPU.ActiveCfg = Debug|Any CPU
		{603A84A9-3B68-45B5-8D08-2C0E151D14DD}.Debug|Any CPU.Build.0 = Debug|Any CPU
		{603A84A9-3B68-45B5-8D08-2C0E151D14DD}.Debug|Mixed Platforms.ActiveCfg = Debug|Any CPU
		{603A84A9-3B68-45B5-8D08-2C0E151D14DD}.Debug|Mixed Platforms.Build.0 = Debug|Any CPU
		{603A84A9-3B68-45B5-8D08-2C0E151D14DD}.Debug|x64.ActiveCfg = Debug|Any CPU
		{603A84A9-3B68-45B5-8D08-2C0E151D14DD}.Debug|x64.Build.0 = Debug|Any CPU
		{603A84A9-3B68-45B5-8D08-2C0E151D14DD}.Debug|x86.ActiveCfg = Debug|Any CPU
		{603A84A9-3B68-45B5-8D08-2C0E151D14DD}.Debug|x86.Build.0 = Debug|Any CPU
		{603A84A9-3B68-45B5-8D08-2C0E151D14DD}.DebugAnalysis|Any CPU.ActiveCfg = Debug|Any CPU
		{603A84A9-3B68-45B5-8D08-2C0E151D14DD}.DebugAnalysis|Any CPU.Build.0 = Debug|Any CPU
		{603A84A9-3B68-45B5-8D08-2C0E151D14DD}.DebugAnalysis|Mixed Platforms.ActiveCfg = Debug|Any CPU
		{603A84A9-3B68-45B5-8D08-2C0E151D14DD}.DebugAnalysis|Mixed Platforms.Build.0 = Debug|Any CPU
		{603A84A9-3B68-45B5-8D08-2C0E151D14DD}.DebugAnalysis|x64.ActiveCfg = Debug|Any CPU
		{603A84A9-3B68-45B5-8D08-2C0E151D14DD}.DebugAnalysis|x64.Build.0 = Debug|Any CPU
		{603A84A9-3B68-45B5-8D08-2C0E151D14DD}.DebugAnalysis|x86.ActiveCfg = Debug|Any CPU
		{603A84A9-3B68-45B5-8D08-2C0E151D14DD}.DebugAnalysis|x86.Build.0 = Debug|Any CPU
		{603A84A9-3B68-45B5-8D08-2C0E151D14DD}.Release|Any CPU.ActiveCfg = Release|Any CPU
		{603A84A9-3B68-45B5-8D08-2C0E151D14DD}.Release|Any CPU.Build.0 = Release|Any CPU
		{603A84A9-3B68-45B5-8D08-2C0E151D14DD}.Release|Mixed Platforms.ActiveCfg = Release|Any CPU
		{603A84A9-3B68-45B5-8D08-2C0E151D14DD}.Release|Mixed Platforms.Build.0 = Release|Any CPU
		{603A84A9-3B68-45B5-8D08-2C0E151D14DD}.Release|x64.ActiveCfg = Release|Any CPU
		{603A84A9-3B68-45B5-8D08-2C0E151D14DD}.Release|x64.Build.0 = Release|Any CPU
		{603A84A9-3B68-45B5-8D08-2C0E151D14DD}.Release|x86.ActiveCfg = Release|Any CPU
		{603A84A9-3B68-45B5-8D08-2C0E151D14DD}.Release|x86.Build.0 = Release|Any CPU
		{7BFF161A-25A9-4DEA-ADB1-2EDF8BBEBAD4}.Debug|Any CPU.ActiveCfg = Debug|Any CPU
		{7BFF161A-25A9-4DEA-ADB1-2EDF8BBEBAD4}.Debug|Any CPU.Build.0 = Debug|Any CPU
		{7BFF161A-25A9-4DEA-ADB1-2EDF8BBEBAD4}.Debug|Mixed Platforms.ActiveCfg = Debug|Any CPU
		{7BFF161A-25A9-4DEA-ADB1-2EDF8BBEBAD4}.Debug|Mixed Platforms.Build.0 = Debug|Any CPU
		{7BFF161A-25A9-4DEA-ADB1-2EDF8BBEBAD4}.Debug|x64.ActiveCfg = Debug|Any CPU
		{7BFF161A-25A9-4DEA-ADB1-2EDF8BBEBAD4}.Debug|x64.Build.0 = Debug|Any CPU
		{7BFF161A-25A9-4DEA-ADB1-2EDF8BBEBAD4}.Debug|x86.ActiveCfg = Debug|Any CPU
		{7BFF161A-25A9-4DEA-ADB1-2EDF8BBEBAD4}.Debug|x86.Build.0 = Debug|Any CPU
		{7BFF161A-25A9-4DEA-ADB1-2EDF8BBEBAD4}.DebugAnalysis|Any CPU.ActiveCfg = Debug|Any CPU
		{7BFF161A-25A9-4DEA-ADB1-2EDF8BBEBAD4}.DebugAnalysis|Any CPU.Build.0 = Debug|Any CPU
		{7BFF161A-25A9-4DEA-ADB1-2EDF8BBEBAD4}.DebugAnalysis|Mixed Platforms.ActiveCfg = Debug|Any CPU
		{7BFF161A-25A9-4DEA-ADB1-2EDF8BBEBAD4}.DebugAnalysis|Mixed Platforms.Build.0 = Debug|Any CPU
		{7BFF161A-25A9-4DEA-ADB1-2EDF8BBEBAD4}.DebugAnalysis|x64.ActiveCfg = Debug|Any CPU
		{7BFF161A-25A9-4DEA-ADB1-2EDF8BBEBAD4}.DebugAnalysis|x64.Build.0 = Debug|Any CPU
		{7BFF161A-25A9-4DEA-ADB1-2EDF8BBEBAD4}.DebugAnalysis|x86.ActiveCfg = Debug|Any CPU
		{7BFF161A-25A9-4DEA-ADB1-2EDF8BBEBAD4}.DebugAnalysis|x86.Build.0 = Debug|Any CPU
		{7BFF161A-25A9-4DEA-ADB1-2EDF8BBEBAD4}.Release|Any CPU.ActiveCfg = Release|Any CPU
		{7BFF161A-25A9-4DEA-ADB1-2EDF8BBEBAD4}.Release|Any CPU.Build.0 = Release|Any CPU
		{7BFF161A-25A9-4DEA-ADB1-2EDF8BBEBAD4}.Release|Mixed Platforms.ActiveCfg = Release|Any CPU
		{7BFF161A-25A9-4DEA-ADB1-2EDF8BBEBAD4}.Release|Mixed Platforms.Build.0 = Release|Any CPU
		{7BFF161A-25A9-4DEA-ADB1-2EDF8BBEBAD4}.Release|x64.ActiveCfg = Release|Any CPU
		{7BFF161A-25A9-4DEA-ADB1-2EDF8BBEBAD4}.Release|x64.Build.0 = Release|Any CPU
		{7BFF161A-25A9-4DEA-ADB1-2EDF8BBEBAD4}.Release|x86.ActiveCfg = Release|Any CPU
		{7BFF161A-25A9-4DEA-ADB1-2EDF8BBEBAD4}.Release|x86.Build.0 = Release|Any CPU
		{511591CF-392B-4976-8790-032C9D4C54DD}.Debug|Any CPU.ActiveCfg = Debug|Any CPU
		{511591CF-392B-4976-8790-032C9D4C54DD}.Debug|Any CPU.Build.0 = Debug|Any CPU
		{511591CF-392B-4976-8790-032C9D4C54DD}.Debug|Mixed Platforms.ActiveCfg = Debug|Any CPU
		{511591CF-392B-4976-8790-032C9D4C54DD}.Debug|Mixed Platforms.Build.0 = Debug|Any CPU
		{511591CF-392B-4976-8790-032C9D4C54DD}.Debug|x64.ActiveCfg = Debug|Any CPU
		{511591CF-392B-4976-8790-032C9D4C54DD}.Debug|x64.Build.0 = Debug|Any CPU
		{511591CF-392B-4976-8790-032C9D4C54DD}.Debug|x86.ActiveCfg = Debug|Any CPU
		{511591CF-392B-4976-8790-032C9D4C54DD}.Debug|x86.Build.0 = Debug|Any CPU
		{511591CF-392B-4976-8790-032C9D4C54DD}.DebugAnalysis|Any CPU.ActiveCfg = Debug|Any CPU
		{511591CF-392B-4976-8790-032C9D4C54DD}.DebugAnalysis|Any CPU.Build.0 = Debug|Any CPU
		{511591CF-392B-4976-8790-032C9D4C54DD}.DebugAnalysis|Mixed Platforms.ActiveCfg = Debug|Any CPU
		{511591CF-392B-4976-8790-032C9D4C54DD}.DebugAnalysis|Mixed Platforms.Build.0 = Debug|Any CPU
		{511591CF-392B-4976-8790-032C9D4C54DD}.DebugAnalysis|x64.ActiveCfg = Debug|Any CPU
		{511591CF-392B-4976-8790-032C9D4C54DD}.DebugAnalysis|x64.Build.0 = Debug|Any CPU
		{511591CF-392B-4976-8790-032C9D4C54DD}.DebugAnalysis|x86.ActiveCfg = Debug|Any CPU
		{511591CF-392B-4976-8790-032C9D4C54DD}.DebugAnalysis|x86.Build.0 = Debug|Any CPU
		{511591CF-392B-4976-8790-032C9D4C54DD}.Release|Any CPU.ActiveCfg = Release|Any CPU
		{511591CF-392B-4976-8790-032C9D4C54DD}.Release|Any CPU.Build.0 = Release|Any CPU
		{511591CF-392B-4976-8790-032C9D4C54DD}.Release|Mixed Platforms.ActiveCfg = Release|Any CPU
		{511591CF-392B-4976-8790-032C9D4C54DD}.Release|Mixed Platforms.Build.0 = Release|Any CPU
		{511591CF-392B-4976-8790-032C9D4C54DD}.Release|x64.ActiveCfg = Release|Any CPU
		{511591CF-392B-4976-8790-032C9D4C54DD}.Release|x64.Build.0 = Release|Any CPU
		{511591CF-392B-4976-8790-032C9D4C54DD}.Release|x86.ActiveCfg = Release|Any CPU
		{511591CF-392B-4976-8790-032C9D4C54DD}.Release|x86.Build.0 = Release|Any CPU
		{47B0EF82-C224-48AE-BB08-97F8C051EEC0}.Debug|Any CPU.ActiveCfg = Debug|Any CPU
		{47B0EF82-C224-48AE-BB08-97F8C051EEC0}.Debug|Any CPU.Build.0 = Debug|Any CPU
		{47B0EF82-C224-48AE-BB08-97F8C051EEC0}.Debug|Mixed Platforms.ActiveCfg = Debug|Any CPU
		{47B0EF82-C224-48AE-BB08-97F8C051EEC0}.Debug|Mixed Platforms.Build.0 = Debug|Any CPU
		{47B0EF82-C224-48AE-BB08-97F8C051EEC0}.Debug|x64.ActiveCfg = Debug|Any CPU
		{47B0EF82-C224-48AE-BB08-97F8C051EEC0}.Debug|x64.Build.0 = Debug|Any CPU
		{47B0EF82-C224-48AE-BB08-97F8C051EEC0}.Debug|x86.ActiveCfg = Debug|Any CPU
		{47B0EF82-C224-48AE-BB08-97F8C051EEC0}.Debug|x86.Build.0 = Debug|Any CPU
		{47B0EF82-C224-48AE-BB08-97F8C051EEC0}.DebugAnalysis|Any CPU.ActiveCfg = Debug|Any CPU
		{47B0EF82-C224-48AE-BB08-97F8C051EEC0}.DebugAnalysis|Any CPU.Build.0 = Debug|Any CPU
		{47B0EF82-C224-48AE-BB08-97F8C051EEC0}.DebugAnalysis|Mixed Platforms.ActiveCfg = Debug|Any CPU
		{47B0EF82-C224-48AE-BB08-97F8C051EEC0}.DebugAnalysis|Mixed Platforms.Build.0 = Debug|Any CPU
		{47B0EF82-C224-48AE-BB08-97F8C051EEC0}.DebugAnalysis|x64.ActiveCfg = Debug|Any CPU
		{47B0EF82-C224-48AE-BB08-97F8C051EEC0}.DebugAnalysis|x64.Build.0 = Debug|Any CPU
		{47B0EF82-C224-48AE-BB08-97F8C051EEC0}.DebugAnalysis|x86.ActiveCfg = Debug|Any CPU
		{47B0EF82-C224-48AE-BB08-97F8C051EEC0}.DebugAnalysis|x86.Build.0 = Debug|Any CPU
		{47B0EF82-C224-48AE-BB08-97F8C051EEC0}.Release|Any CPU.ActiveCfg = Release|Any CPU
		{47B0EF82-C224-48AE-BB08-97F8C051EEC0}.Release|Any CPU.Build.0 = Release|Any CPU
		{47B0EF82-C224-48AE-BB08-97F8C051EEC0}.Release|Mixed Platforms.ActiveCfg = Release|Any CPU
		{47B0EF82-C224-48AE-BB08-97F8C051EEC0}.Release|Mixed Platforms.Build.0 = Release|Any CPU
		{47B0EF82-C224-48AE-BB08-97F8C051EEC0}.Release|x64.ActiveCfg = Release|Any CPU
		{47B0EF82-C224-48AE-BB08-97F8C051EEC0}.Release|x64.Build.0 = Release|Any CPU
		{47B0EF82-C224-48AE-BB08-97F8C051EEC0}.Release|x86.ActiveCfg = Release|Any CPU
		{47B0EF82-C224-48AE-BB08-97F8C051EEC0}.Release|x86.Build.0 = Release|Any CPU
	EndGlobalSection
	GlobalSection(SolutionProperties) = preSolution
		HideSolutionNode = FALSE
	EndGlobalSection
	GlobalSection(ExtensibilityGlobals) = postSolution
		SolutionGuid = {462B38C9-0A3F-4533-A167-BE5EA3B3F414}
	EndGlobalSection
EndGlobal
